
Microsoft Visual Studio Solution File, Format Version 12.00
# Visual Studio Version 16
VisualStudioVersion = 16.0.29201.188
MinimumVisualStudioVersion = 10.0.40219.1
Project("{FAE04EC0-301F-11D3-BF4B-00C04F79EFBC}") = "HiHelloWebAPI", "HiHelloWebAPI.csproj", "{58685717-2924-44BD-96D2-658C8F01F3CE}"
EndProject
Project("{FAE04EC0-301F-11D3-BF4B-00C04F79EFBC}") = "HiHelloWebAPI.Tests", "..\HiHelloWebAPI.Tests\HiHelloWebAPI.Tests.csproj", "{39D189B8-DB91-452C-91DB-24550F1C78B3}"
EndProject
Global
	GlobalSection(SolutionConfigurationPlatforms) = preSolution
		Debug|Any CPU = Debug|Any CPU
		Release|Any CPU = Release|Any CPU
	EndGlobalSection
	GlobalSection(ProjectConfigurationPlatforms) = postSolution
		{58685717-2924-44BD-96D2-658C8F01F3CE}.Debug|Any CPU.ActiveCfg = Debug|Any CPU
		{58685717-2924-44BD-96D2-658C8F01F3CE}.Debug|Any CPU.Build.0 = Debug|Any CPU
		{58685717-2924-44BD-96D2-658C8F01F3CE}.Release|Any CPU.ActiveCfg = Release|Any CPU
		{58685717-2924-44BD-96D2-658C8F01F3CE}.Release|Any CPU.Build.0 = Release|Any CPU
		{39D189B8-DB91-452C-91DB-24550F1C78B3}.Debug|Any CPU.ActiveCfg = Debug|Any CPU
		{39D189B8-DB91-452C-91DB-24550F1C78B3}.Debug|Any CPU.Build.0 = Debug|Any CPU
		{39D189B8-DB91-452C-91DB-24550F1C78B3}.Release|Any CPU.ActiveCfg = Release|Any CPU
		{39D189B8-DB91-452C-91DB-24550F1C78B3}.Release|Any CPU.Build.0 = Release|Any CPU
	EndGlobalSection
	GlobalSection(SolutionProperties) = preSolution
		HideSolutionNode = FALSE
	EndGlobalSection
	GlobalSection(ExtensibilityGlobals) = postSolution
		SolutionGuid = {656361B4-E169-4262-ADE8-C9A15C49D323}
	EndGlobalSection
EndGlobal
